// !$*UTF8*$!
{
	archiveVersion = 1;
	classes = {
	};
	objectVersion = 50;
	objects = {

/* Begin PBXBuildFile section */
		A1287FEC24FA2577009FEE23 /* UIImage+AverageColor.swift in Sources */ = {isa = PBXBuildFile; fileRef = A1287FEB24FA2577009FEE23 /* UIImage+AverageColor.swift */; };
		A1287FEF24FA3B53009FEE23 /* OnboardingViewController.swift in Sources */ = {isa = PBXBuildFile; fileRef = A1287FED24FA3B53009FEE23 /* OnboardingViewController.swift */; };
		A1287FF024FA3B53009FEE23 /* OnboardingViewController.xib in Resources */ = {isa = PBXBuildFile; fileRef = A1287FEE24FA3B53009FEE23 /* OnboardingViewController.xib */; };
		A154A54424F994ED00F77B8F /* FinancialData.swift in Sources */ = {isa = PBXBuildFile; fileRef = A154A54324F994ED00F77B8F /* FinancialData.swift */; };
		A15DC30424F9A97E0092ED56 /* UIViewController+Alert.swift in Sources */ = {isa = PBXBuildFile; fileRef = A15DC30324F9A97E0092ED56 /* UIViewController+Alert.swift */; };
		A1A8D4FA24F97DE0000CE857 /* AppDelegate.swift in Sources */ = {isa = PBXBuildFile; fileRef = A1A8D4F924F97DE0000CE857 /* AppDelegate.swift */; };
		A1A8D4FC24F97DE0000CE857 /* SceneDelegate.swift in Sources */ = {isa = PBXBuildFile; fileRef = A1A8D4FB24F97DE0000CE857 /* SceneDelegate.swift */; };
		A1A8D50324F97DE2000CE857 /* Assets.xcassets in Resources */ = {isa = PBXBuildFile; fileRef = A1A8D50224F97DE2000CE857 /* Assets.xcassets */; };
		A1A8D50624F97DE2000CE857 /* LaunchScreen.storyboard in Resources */ = {isa = PBXBuildFile; fileRef = A1A8D50424F97DE2000CE857 /* LaunchScreen.storyboard */; };
		A1A8D51324F97FAE000CE857 /* MainViewController.swift in Sources */ = {isa = PBXBuildFile; fileRef = A1A8D51124F97FAE000CE857 /* MainViewController.swift */; };
		A1A8D51424F97FAE000CE857 /* MainViewController.xib in Resources */ = {isa = PBXBuildFile; fileRef = A1A8D51224F97FAE000CE857 /* MainViewController.xib */; };
		A1B8380224F99D0F002D9A7E /* NetworkManager.swift in Sources */ = {isa = PBXBuildFile; fileRef = A1B8380124F99D0F002D9A7E /* NetworkManager.swift */; };
/* End PBXBuildFile section */

/* Begin PBXFileReference section */
		A1287FEB24FA2577009FEE23 /* UIImage+AverageColor.swift */ = {isa = PBXFileReference; lastKnownFileType = sourcecode.swift; path = "UIImage+AverageColor.swift"; sourceTree = "<group>"; };
		A1287FED24FA3B53009FEE23 /* OnboardingViewController.swift */ = {isa = PBXFileReference; lastKnownFileType = sourcecode.swift; path = OnboardingViewController.swift; sourceTree = "<group>"; };
		A1287FEE24FA3B53009FEE23 /* OnboardingViewController.xib */ = {isa = PBXFileReference; lastKnownFileType = file.xib; path = OnboardingViewController.xib; sourceTree = "<group>"; };
		A154A54324F994ED00F77B8F /* FinancialData.swift */ = {isa = PBXFileReference; lastKnownFileType = sourcecode.swift; path = FinancialData.swift; sourceTree = "<group>"; };
		A15DC30324F9A97E0092ED56 /* UIViewController+Alert.swift */ = {isa = PBXFileReference; lastKnownFileType = sourcecode.swift; path = "UIViewController+Alert.swift"; sourceTree = "<group>"; };
		A1A8D4F624F97DE0000CE857 /* Stocks.app */ = {isa = PBXFileReference; explicitFileType = wrapper.application; includeInIndex = 0; path = Stocks.app; sourceTree = BUILT_PRODUCTS_DIR; };
		A1A8D4F924F97DE0000CE857 /* AppDelegate.swift */ = {isa = PBXFileReference; lastKnownFileType = sourcecode.swift; path = AppDelegate.swift; sourceTree = "<group>"; };
		A1A8D4FB24F97DE0000CE857 /* SceneDelegate.swift */ = {isa = PBXFileReference; lastKnownFileType = sourcecode.swift; path = SceneDelegate.swift; sourceTree = "<group>"; };
		A1A8D50224F97DE2000CE857 /* Assets.xcassets */ = {isa = PBXFileReference; lastKnownFileType = folder.assetcatalog; path = Assets.xcassets; sourceTree = "<group>"; };
		A1A8D50524F97DE2000CE857 /* Base */ = {isa = PBXFileReference; lastKnownFileType = file.storyboard; name = Base; path = Base.lproj/LaunchScreen.storyboard; sourceTree = "<group>"; };
		A1A8D50724F97DE2000CE857 /* Info.plist */ = {isa = PBXFileReference; lastKnownFileType = text.plist.xml; path = Info.plist; sourceTree = "<group>"; };
		A1A8D51124F97FAE000CE857 /* MainViewController.swift */ = {isa = PBXFileReference; lastKnownFileType = sourcecode.swift; path = MainViewController.swift; sourceTree = "<group>"; };
		A1A8D51224F97FAE000CE857 /* MainViewController.xib */ = {isa = PBXFileReference; lastKnownFileType = file.xib; path = MainViewController.xib; sourceTree = "<group>"; };
		A1B8380124F99D0F002D9A7E /* NetworkManager.swift */ = {isa = PBXFileReference; lastKnownFileType = sourcecode.swift; path = NetworkManager.swift; sourceTree = "<group>"; };
/* End PBXFileReference section */

/* Begin PBXFrameworksBuildPhase section */
		A1A8D4F324F97DE0000CE857 /* Frameworks */ = {
			isa = PBXFrameworksBuildPhase;
			buildActionMask = 2147483647;
			files = (
			);
			runOnlyForDeploymentPostprocessing = 0;
		};
/* End PBXFrameworksBuildPhase section */

/* Begin PBXGroup section */
		A154A54524F9950300F77B8F /* Models */ = {
			isa = PBXGroup;
			children = (
				A154A54324F994ED00F77B8F /* FinancialData.swift */,
			);
			path = Models;
			sourceTree = "<group>";
		};
		A15DC30224F9A95E0092ED56 /* Managers */ = {
			isa = PBXGroup;
			children = (
				A1B8380124F99D0F002D9A7E /* NetworkManager.swift */,
			);
			path = Managers;
			sourceTree = "<group>";
		};
		A15DC30524F9A9820092ED56 /* Extentions */ = {
			isa = PBXGroup;
			children = (
				A15DC30324F9A97E0092ED56 /* UIViewController+Alert.swift */,
				A1287FEB24FA2577009FEE23 /* UIImage+AverageColor.swift */,
			);
			path = Extentions;
			sourceTree = "<group>";
		};
		A1A8D4ED24F97DE0000CE857 = {
			isa = PBXGroup;
			children = (
				A1A8D4F824F97DE0000CE857 /* Stocks */,
				A1A8D4F724F97DE0000CE857 /* Products */,
			);
			sourceTree = "<group>";
		};
		A1A8D4F724F97DE0000CE857 /* Products */ = {
			isa = PBXGroup;
			children = (
				A1A8D4F624F97DE0000CE857 /* Stocks.app */,
			);
			name = Products;
			sourceTree = "<group>";
		};
		A1A8D4F824F97DE0000CE857 /* Stocks */ = {
			isa = PBXGroup;
			children = (
				A1A8D4F924F97DE0000CE857 /* AppDelegate.swift */,
				A1A8D4FB24F97DE0000CE857 /* SceneDelegate.swift */,
				A1A8D51124F97FAE000CE857 /* MainViewController.swift */,
				A1A8D51224F97FAE000CE857 /* MainViewController.xib */,
				A1287FED24FA3B53009FEE23 /* OnboardingViewController.swift */,
				A1287FEE24FA3B53009FEE23 /* OnboardingViewController.xib */,
				A154A54524F9950300F77B8F /* Models */,
				A15DC30224F9A95E0092ED56 /* Managers */,
				A15DC30524F9A9820092ED56 /* Extentions */,
				A1A8D50224F97DE2000CE857 /* Assets.xcassets */,
				A1A8D50424F97DE2000CE857 /* LaunchScreen.storyboard */,
				A1A8D50724F97DE2000CE857 /* Info.plist */,
			);
			path = Stocks;
			sourceTree = "<group>";
		};
/* End PBXGroup section */

/* Begin PBXNativeTarget section */
		A1A8D4F524F97DE0000CE857 /* Stocks */ = {
			isa = PBXNativeTarget;
			buildConfigurationList = A1A8D50A24F97DE2000CE857 /* Build configuration list for PBXNativeTarget "Stocks" */;
			buildPhases = (
				A1A8D4F224F97DE0000CE857 /* Sources */,
				A1A8D4F324F97DE0000CE857 /* Frameworks */,
				A1A8D4F424F97DE0000CE857 /* Resources */,
			);
			buildRules = (
			);
			dependencies = (
			);
			name = Stocks;
			productName = Stocks;
			productReference = A1A8D4F624F97DE0000CE857 /* Stocks.app */;
			productType = "com.apple.product-type.application";
		};
/* End PBXNativeTarget section */

/* Begin PBXProject section */
		A1A8D4EE24F97DE0000CE857 /* Project object */ = {
			isa = PBXProject;
			attributes = {
				LastSwiftUpdateCheck = 1160;
				LastUpgradeCheck = 1160;
				ORGANIZATIONNAME = "Рудольф О";
				TargetAttributes = {
					A1A8D4F524F97DE0000CE857 = {
						CreatedOnToolsVersion = 11.6;
					};
				};
			};
			buildConfigurationList = A1A8D4F124F97DE0000CE857 /* Build configuration list for PBXProject "Stocks" */;
			compatibilityVersion = "Xcode 9.3";
			developmentRegion = en;
			hasScannedForEncodings = 0;
			knownRegions = (
				en,
				Base,
			);
			mainGroup = A1A8D4ED24F97DE0000CE857;
			productRefGroup = A1A8D4F724F97DE0000CE857 /* Products */;
			projectDirPath = "";
			projectRoot = "";
			targets = (
				A1A8D4F524F97DE0000CE857 /* Stocks */,
			);
		};
/* End PBXProject section */

/* Begin PBXResourcesBuildPhase section */
		A1A8D4F424F97DE0000CE857 /* Resources */ = {
			isa = PBXResourcesBuildPhase;
			buildActionMask = 2147483647;
			files = (
				A1A8D50624F97DE2000CE857 /* LaunchScreen.storyboard in Resources */,
				A1A8D51424F97FAE000CE857 /* MainViewController.xib in Resources */,
				A1A8D50324F97DE2000CE857 /* Assets.xcassets in Resources */,
				A1287FF024FA3B53009FEE23 /* OnboardingViewController.xib in Resources */,
			);
			runOnlyForDeploymentPostprocessing = 0;
		};
/* End PBXResourcesBuildPhase section */

/* Begin PBXSourcesBuildPhase section */
		A1A8D4F224F97DE0000CE857 /* Sources */ = {
			isa = PBXSourcesBuildPhase;
			buildActionMask = 2147483647;
			files = (
				A1A8D51324F97FAE000CE857 /* MainViewController.swift in Sources */,
				A154A54424F994ED00F77B8F /* FinancialData.swift in Sources */,
				A1B8380224F99D0F002D9A7E /* NetworkManager.swift in Sources */,
				A1287FEF24FA3B53009FEE23 /* OnboardingViewController.swift in Sources */,
				A15DC30424F9A97E0092ED56 /* UIViewController+Alert.swift in Sources */,
				A1A8D4FA24F97DE0000CE857 /* AppDelegate.swift in Sources */,
				A1A8D4FC24F97DE0000CE857 /* SceneDelegate.swift in Sources */,
				A1287FEC24FA2577009FEE23 /* UIImage+AverageColor.swift in Sources */,
			);
			runOnlyForDeploymentPostprocessing = 0;
		};
/* End PBXSourcesBuildPhase section */

/* Begin PBXVariantGroup section */
		A1A8D50424F97DE2000CE857 /* LaunchScreen.storyboard */ = {
			isa = PBXVariantGroup;
			children = (
				A1A8D50524F97DE2000CE857 /* Base */,
			);
			name = LaunchScreen.storyboard;
			sourceTree = "<group>";
		};
/* End PBXVariantGroup section */

/* Begin XCBuildConfiguration section */
		A1A8D50824F97DE2000CE857 /* Debug */ = {
			isa = XCBuildConfiguration;
			buildSettings = {
				ALWAYS_SEARCH_USER_PATHS = NO;
				CLANG_ANALYZER_NONNULL = YES;
				CLANG_ANALYZER_NUMBER_OBJECT_CONVERSION = YES_AGGRESSIVE;
				CLANG_CXX_LANGUAGE_STANDARD = "gnu++14";
				CLANG_CXX_LIBRARY = "libc++";
				CLANG_ENABLE_MODULES = YES;
				CLANG_ENABLE_OBJC_ARC = YES;
				CLANG_ENABLE_OBJC_WEAK = YES;
				CLANG_WARN_BLOCK_CAPTURE_AUTORELEASING = YES;
				CLANG_WARN_BOOL_CONVERSION = YES;
				CLANG_WARN_COMMA = YES;
				CLANG_WARN_CONSTANT_CONVERSION = YES;
				CLANG_WARN_DEPRECATED_OBJC_IMPLEMENTATIONS = YES;
				CLANG_WARN_DIRECT_OBJC_ISA_USAGE = YES_ERROR;
				CLANG_WARN_DOCUMENTATION_COMMENTS = YES;
				CLANG_WARN_EMPTY_BODY = YES;
				CLANG_WARN_ENUM_CONVERSION = YES;
				CLANG_WARN_INFINITE_RECURSION = YES;
				CLANG_WARN_INT_CONVERSION = YES;
				CLANG_WARN_NON_LITERAL_NULL_CONVERSION = YES;
				CLANG_WARN_OBJC_IMPLICIT_RETAIN_SELF = YES;
				CLANG_WARN_OBJC_LITERAL_CONVERSION = YES;
				CLANG_WARN_OBJC_ROOT_CLASS = YES_ERROR;
				CLANG_WARN_RANGE_LOOP_ANALYSIS = YES;
				CLANG_WARN_STRICT_PROTOTYPES = YES;
				CLANG_WARN_SUSPICIOUS_MOVE = YES;
				CLANG_WARN_UNGUARDED_AVAILABILITY = YES_AGGRESSIVE;
				CLANG_WARN_UNREACHABLE_CODE = YES;
				CLANG_WARN__DUPLICATE_METHOD_MATCH = YES;
				COPY_PHASE_STRIP = NO;
				DEBUG_INFORMATION_FORMAT = dwarf;
				ENABLE_STRICT_OBJC_MSGSEND = YES;
				ENABLE_TESTABILITY = YES;
				GCC_C_LANGUAGE_STANDARD = gnu11;
				GCC_DYNAMIC_NO_PIC = NO;
				GCC_NO_COMMON_BLOCKS = YES;
				GCC_OPTIMIZATION_LEVEL = 0;
				GCC_PREPROCESSOR_DEFINITIONS = (
					"DEBUG=1",
					"$(inherited)",
				);
				GCC_WARN_64_TO_32_BIT_CONVERSION = YES;
				GCC_WARN_ABOUT_RETURN_TYPE = YES_ERROR;
				GCC_WARN_UNDECLARED_SELECTOR = YES;
				GCC_WARN_UNINITIALIZED_AUTOS = YES_AGGRESSIVE;
				GCC_WARN_UNUSED_FUNCTION = YES;
				GCC_WARN_UNUSED_VARIABLE = YES;
				IPHONEOS_DEPLOYMENT_TARGET = 13.6;
				MTL_ENABLE_DEBUG_INFO = INCLUDE_SOURCE;
				MTL_FAST_MATH = YES;
				ONLY_ACTIVE_ARCH = YES;
				SDKROOT = iphoneos;
				SWIFT_ACTIVE_COMPILATION_CONDITIONS = DEBUG;
				SWIFT_OPTIMIZATION_LEVEL = "-Onone";
			};
			name = Debug;
		};
		A1A8D50924F97DE2000CE857 /* Release */ = {
			isa = XCBuildConfiguration;
			buildSettings = {
				ALWAYS_SEARCH_USER_PATHS = NO;
				CLANG_ANALYZER_NONNULL = YES;
				CLANG_ANALYZER_NUMBER_OBJECT_CONVERSION = YES_AGGRESSIVE;
				CLANG_CXX_LANGUAGE_STANDARD = "gnu++14";
				CLANG_CXX_LIBRARY = "libc++";
				CLANG_ENABLE_MODULES = YES;
				CLANG_ENABLE_OBJC_ARC = YES;
				CLANG_ENABLE_OBJC_WEAK = YES;
				CLANG_WARN_BLOCK_CAPTURE_AUTORELEASING = YES;
				CLANG_WARN_BOOL_CONVERSION = YES;
				CLANG_WARN_COMMA = YES;
				CLANG_WARN_CONSTANT_CONVERSION = YES;
				CLANG_WARN_DEPRECATED_OBJC_IMPLEMENTATIONS = YES;
				CLANG_WARN_DIRECT_OBJC_ISA_USAGE = YES_ERROR;
				CLANG_WARN_DOCUMENTATION_COMMENTS = YES;
				CLANG_WARN_EMPTY_BODY = YES;
				CLANG_WARN_ENUM_CONVERSION = YES;
				CLANG_WARN_INFINITE_RECURSION = YES;
				CLANG_WARN_INT_CONVERSION = YES;
				CLANG_WARN_NON_LITERAL_NULL_CONVERSION = YES;
				CLANG_WARN_OBJC_IMPLICIT_RETAIN_SELF = YES;
				CLANG_WARN_OBJC_LITERAL_CONVERSION = YES;
				CLANG_WARN_OBJC_ROOT_CLASS = YES_ERROR;
				CLANG_WARN_RANGE_LOOP_ANALYSIS = YES;
				CLANG_WARN_STRICT_PROTOTYPES = YES;
				CLANG_WARN_SUSPICIOUS_MOVE = YES;
				CLANG_WARN_UNGUARDED_AVAILABILITY = YES_AGGRESSIVE;
				CLANG_WARN_UNREACHABLE_CODE = YES;
				CLANG_WARN__DUPLICATE_METHOD_MATCH = YES;
				COPY_PHASE_STRIP = NO;
				DEBUG_INFORMATION_FORMAT = "dwarf-with-dsym";
				ENABLE_NS_ASSERTIONS = NO;
				ENABLE_STRICT_OBJC_MSGSEND = YES;
				GCC_C_LANGUAGE_STANDARD = gnu11;
				GCC_NO_COMMON_BLOCKS = YES;
				GCC_WARN_64_TO_32_BIT_CONVERSION = YES;
				GCC_WARN_ABOUT_RETURN_TYPE = YES_ERROR;
				GCC_WARN_UNDECLARED_SELECTOR = YES;
				GCC_WARN_UNINITIALIZED_AUTOS = YES_AGGRESSIVE;
				GCC_WARN_UNUSED_FUNCTION = YES;
				GCC_WARN_UNUSED_VARIABLE = YES;
				IPHONEOS_DEPLOYMENT_TARGET = 13.6;
				MTL_ENABLE_DEBUG_INFO = NO;
				MTL_FAST_MATH = YES;
				SDKROOT = iphoneos;
				SWIFT_COMPILATION_MODE = wholemodule;
				SWIFT_OPTIMIZATION_LEVEL = "-O";
				VALIDATE_PRODUCT = YES;
			};
			name = Release;
		};
		A1A8D50B24F97DE2000CE857 /* Debug */ = {
			isa = XCBuildConfiguration;
			buildSettings = {
				ASSETCATALOG_COMPILER_APPICON_NAME = AppIcon;
				CODE_SIGN_STYLE = Automatic;
				DEVELOPMENT_TEAM = 9D224297ML;
				INFOPLIST_FILE = Stocks/Info.plist;
				LD_RUNPATH_SEARCH_PATHS = (
					"$(inherited)",
					"@executable_path/Frameworks",
				);
				PRODUCT_BUNDLE_IDENTIFIER = com.rudolf.Stocks;
				PRODUCT_NAME = "$(TARGET_NAME)";
				SWIFT_VERSION = 5.0;
				TARGETED_DEVICE_FAMILY = "1,2";
			};
			name = Debug;
		};
		A1A8D50C24F97DE2000CE857 /* Release */ = {
			isa = XCBuildConfiguration;
			buildSettings = {
				ASSETCATALOG_COMPILER_APPICON_NAME = AppIcon;
				CODE_SIGN_STYLE = Automatic;
				DEVELOPMENT_TEAM = 9D224297ML;
				INFOPLIST_FILE = Stocks/Info.plist;
				LD_RUNPATH_SEARCH_PATHS = (
					"$(inherited)",
					"@executable_path/Frameworks",
				);
				PRODUCT_BUNDLE_IDENTIFIER = com.rudolf.Stocks;
				PRODUCT_NAME = "$(TARGET_NAME)";
				SWIFT_VERSION = 5.0;
				TARGETED_DEVICE_FAMILY = "1,2";
			};
			name = Release;
		};
/* End XCBuildConfiguration section */

/* Begin XCConfigurationList section */
		A1A8D4F124F97DE0000CE857 /* Build configuration list for PBXProject "Stocks" */ = {
			isa = XCConfigurationList;
			buildConfigurations = (
				A1A8D50824F97DE2000CE857 /* Debug */,
				A1A8D50924F97DE2000CE857 /* Release */,
			);
			defaultConfigurationIsVisible = 0;
			defaultConfigurationName = Release;
		};
		A1A8D50A24F97DE2000CE857 /* Build configuration list for PBXNativeTarget "Stocks" */ = {
			isa = XCConfigurationList;
			buildConfigurations = (
				A1A8D50B24F97DE2000CE857 /* Debug */,
				A1A8D50C24F97DE2000CE857 /* Release */,
			);
			defaultConfigurationIsVisible = 0;
			defaultConfigurationName = Release;
		};
/* End XCConfigurationList section */
	};
	rootObject = A1A8D4EE24F97DE0000CE857 /* Project object */;
}
